
Microsoft Visual Studio Solution File, Format Version 12.00
# Visual Studio 14
VisualStudioVersion = 14.0.24720.0
MinimumVisualStudioVersion = 10.0.40219.1
Project("{FAE04EC0-301F-11D3-BF4B-00C04F79EFBC}") = "DroneLibrary", "DroneLib\DroneLibrary.csproj", "{6E3FCA3A-367D-4A00-BC85-00C767C16C80}"
EndProject
Project("{FAE04EC0-301F-11D3-BF4B-00C04F79EFBC}") = "DroneTest", "DroneTest\DroneTest.csproj", "{33285B8A-9976-408D-A9C3-671CD3D9702C}"
EndProject
Project("{FAE04EC0-301F-11D3-BF4B-00C04F79EFBC}") = "DroneControl", "DroneControl\DroneControl.csproj", "{C219A8E5-3A59-4E6F-9E16-D921ABC9659C}"
EndProject
Project("{8BC9CEB8-8B4A-11D0-8D11-00A0C91BC942}") = "DroneFirmware", "DroneFirmware\DroneFirmware.vcxproj", "{2AC3445C-8C25-4D28-A432-837C95C8386A}"
EndProject
Project("{8BC9CEB8-8B4A-11D0-8D11-00A0C91BC942}") = "ExperimentalFirmware", "ExperimentalFirmware\ExperimentalFirmware.vcxproj", "{C5F80730-F44F-4478-BDAE-6634EFC2CA88}"
EndProject
Global
	GlobalSection(SolutionConfigurationPlatforms) = preSolution
		Ad-Hoc|Any CPU = Ad-Hoc|Any CPU
		Ad-Hoc|iPhone = Ad-Hoc|iPhone
		Ad-Hoc|iPhoneSimulator = Ad-Hoc|iPhoneSimulator
		Ad-Hoc|Mixed Platforms = Ad-Hoc|Mixed Platforms
		Ad-Hoc|Win32 = Ad-Hoc|Win32
		Ad-Hoc|x64 = Ad-Hoc|x64
		AppStore|Any CPU = AppStore|Any CPU
		AppStore|iPhone = AppStore|iPhone
		AppStore|iPhoneSimulator = AppStore|iPhoneSimulator
		AppStore|Mixed Platforms = AppStore|Mixed Platforms
		AppStore|Win32 = AppStore|Win32
		AppStore|x64 = AppStore|x64
		Debug|Any CPU = Debug|Any CPU
		Debug|iPhone = Debug|iPhone
		Debug|iPhoneSimulator = Debug|iPhoneSimulator
		Debug|Mixed Platforms = Debug|Mixed Platforms
		Debug|Win32 = Debug|Win32
		Debug|x64 = Debug|x64
		Release|Any CPU = Release|Any CPU
		Release|iPhone = Release|iPhone
		Release|iPhoneSimulator = Release|iPhoneSimulator
		Release|Mixed Platforms = Release|Mixed Platforms
		Release|Win32 = Release|Win32
		Release|x64 = Release|x64
	EndGlobalSection
	GlobalSection(ProjectConfigurationPlatforms) = postSolution
		{6E3FCA3A-367D-4A00-BC85-00C767C16C80}.Ad-Hoc|Any CPU.ActiveCfg = Release|Any CPU
		{6E3FCA3A-367D-4A00-BC85-00C767C16C80}.Ad-Hoc|Any CPU.Build.0 = Release|Any CPU
		{6E3FCA3A-367D-4A00-BC85-00C767C16C80}.Ad-Hoc|iPhone.ActiveCfg = Release|Any CPU
		{6E3FCA3A-367D-4A00-BC85-00C767C16C80}.Ad-Hoc|iPhone.Build.0 = Release|Any CPU
		{6E3FCA3A-367D-4A00-BC85-00C767C16C80}.Ad-Hoc|iPhoneSimulator.ActiveCfg = Release|Any CPU
		{6E3FCA3A-367D-4A00-BC85-00C767C16C80}.Ad-Hoc|iPhoneSimulator.Build.0 = Release|Any CPU
		{6E3FCA3A-367D-4A00-BC85-00C767C16C80}.Ad-Hoc|Mixed Platforms.ActiveCfg = Release|Any CPU
		{6E3FCA3A-367D-4A00-BC85-00C767C16C80}.Ad-Hoc|Mixed Platforms.Build.0 = Release|Any CPU
		{6E3FCA3A-367D-4A00-BC85-00C767C16C80}.Ad-Hoc|Win32.ActiveCfg = Release|Any CPU
		{6E3FCA3A-367D-4A00-BC85-00C767C16C80}.Ad-Hoc|Win32.Build.0 = Release|Any CPU
		{6E3FCA3A-367D-4A00-BC85-00C767C16C80}.Ad-Hoc|x64.ActiveCfg = Debug|Any CPU
		{6E3FCA3A-367D-4A00-BC85-00C767C16C80}.Ad-Hoc|x64.Build.0 = Debug|Any CPU
		{6E3FCA3A-367D-4A00-BC85-00C767C16C80}.AppStore|Any CPU.ActiveCfg = Release|Any CPU
		{6E3FCA3A-367D-4A00-BC85-00C767C16C80}.AppStore|Any CPU.Build.0 = Release|Any CPU
		{6E3FCA3A-367D-4A00-BC85-00C767C16C80}.AppStore|iPhone.ActiveCfg = Release|Any CPU
		{6E3FCA3A-367D-4A00-BC85-00C767C16C80}.AppStore|iPhone.Build.0 = Release|Any CPU
		{6E3FCA3A-367D-4A00-BC85-00C767C16C80}.AppStore|iPhoneSimulator.ActiveCfg = Release|Any CPU
		{6E3FCA3A-367D-4A00-BC85-00C767C16C80}.AppStore|iPhoneSimulator.Build.0 = Release|Any CPU
		{6E3FCA3A-367D-4A00-BC85-00C767C16C80}.AppStore|Mixed Platforms.ActiveCfg = Release|Any CPU
		{6E3FCA3A-367D-4A00-BC85-00C767C16C80}.AppStore|Mixed Platforms.Build.0 = Release|Any CPU
		{6E3FCA3A-367D-4A00-BC85-00C767C16C80}.AppStore|Win32.ActiveCfg = Release|Any CPU
		{6E3FCA3A-367D-4A00-BC85-00C767C16C80}.AppStore|Win32.Build.0 = Release|Any CPU
		{6E3FCA3A-367D-4A00-BC85-00C767C16C80}.AppStore|x64.ActiveCfg = Debug|Any CPU
		{6E3FCA3A-367D-4A00-BC85-00C767C16C80}.AppStore|x64.Build.0 = Debug|Any CPU
		{6E3FCA3A-367D-4A00-BC85-00C767C16C80}.Debug|Any CPU.ActiveCfg = Debug|Any CPU
		{6E3FCA3A-367D-4A00-BC85-00C767C16C80}.Debug|Any CPU.Build.0 = Debug|Any CPU
		{6E3FCA3A-367D-4A00-BC85-00C767C16C80}.Debug|iPhone.ActiveCfg = Debug|Any CPU
		{6E3FCA3A-367D-4A00-BC85-00C767C16C80}.Debug|iPhone.Build.0 = Debug|Any CPU
		{6E3FCA3A-367D-4A00-BC85-00C767C16C80}.Debug|iPhoneSimulator.ActiveCfg = Debug|Any CPU
		{6E3FCA3A-367D-4A00-BC85-00C767C16C80}.Debug|iPhoneSimulator.Build.0 = Debug|Any CPU
		{6E3FCA3A-367D-4A00-BC85-00C767C16C80}.Debug|Mixed Platforms.ActiveCfg = Debug|Any CPU
		{6E3FCA3A-367D-4A00-BC85-00C767C16C80}.Debug|Mixed Platforms.Build.0 = Debug|Any CPU
		{6E3FCA3A-367D-4A00-BC85-00C767C16C80}.Debug|Win32.ActiveCfg = Debug|Any CPU
		{6E3FCA3A-367D-4A00-BC85-00C767C16C80}.Debug|x64.ActiveCfg = Debug|Any CPU
		{6E3FCA3A-367D-4A00-BC85-00C767C16C80}.Debug|x64.Build.0 = Debug|Any CPU
		{6E3FCA3A-367D-4A00-BC85-00C767C16C80}.Release|Any CPU.ActiveCfg = Release|Any CPU
		{6E3FCA3A-367D-4A00-BC85-00C767C16C80}.Release|Any CPU.Build.0 = Release|Any CPU
		{6E3FCA3A-367D-4A00-BC85-00C767C16C80}.Release|iPhone.ActiveCfg = Release|Any CPU
		{6E3FCA3A-367D-4A00-BC85-00C767C16C80}.Release|iPhone.Build.0 = Release|Any CPU
		{6E3FCA3A-367D-4A00-BC85-00C767C16C80}.Release|iPhoneSimulator.ActiveCfg = Release|Any CPU
		{6E3FCA3A-367D-4A00-BC85-00C767C16C80}.Release|iPhoneSimulator.Build.0 = Release|Any CPU
		{6E3FCA3A-367D-4A00-BC85-00C767C16C80}.Release|Mixed Platforms.ActiveCfg = Release|Any CPU
		{6E3FCA3A-367D-4A00-BC85-00C767C16C80}.Release|Mixed Platforms.Build.0 = Release|Any CPU
		{6E3FCA3A-367D-4A00-BC85-00C767C16C80}.Release|Win32.ActiveCfg = Release|Any CPU
		{6E3FCA3A-367D-4A00-BC85-00C767C16C80}.Release|x64.ActiveCfg = Release|Any CPU
		{6E3FCA3A-367D-4A00-BC85-00C767C16C80}.Release|x64.Build.0 = Release|Any CPU
		{33285B8A-9976-408D-A9C3-671CD3D9702C}.Ad-Hoc|Any CPU.ActiveCfg = Release|Any CPU
		{33285B8A-9976-408D-A9C3-671CD3D9702C}.Ad-Hoc|Any CPU.Build.0 = Release|Any CPU
		{33285B8A-9976-408D-A9C3-671CD3D9702C}.Ad-Hoc|iPhone.ActiveCfg = Release|Any CPU
		{33285B8A-9976-408D-A9C3-671CD3D9702C}.Ad-Hoc|iPhone.Build.0 = Release|Any CPU
		{33285B8A-9976-408D-A9C3-671CD3D9702C}.Ad-Hoc|iPhoneSimulator.ActiveCfg = Release|Any CPU
		{33285B8A-9976-408D-A9C3-671CD3D9702C}.Ad-Hoc|iPhoneSimulator.Build.0 = Release|Any CPU
		{33285B8A-9976-408D-A9C3-671CD3D9702C}.Ad-Hoc|Mixed Platforms.ActiveCfg = Release|Any CPU
		{33285B8A-9976-408D-A9C3-671CD3D9702C}.Ad-Hoc|Mixed Platforms.Build.0 = Release|Any CPU
		{33285B8A-9976-408D-A9C3-671CD3D9702C}.Ad-Hoc|Win32.ActiveCfg = Release|Any CPU
		{33285B8A-9976-408D-A9C3-671CD3D9702C}.Ad-Hoc|Win32.Build.0 = Release|Any CPU
		{33285B8A-9976-408D-A9C3-671CD3D9702C}.Ad-Hoc|x64.ActiveCfg = Debug|Any CPU
		{33285B8A-9976-408D-A9C3-671CD3D9702C}.Ad-Hoc|x64.Build.0 = Debug|Any CPU
		{33285B8A-9976-408D-A9C3-671CD3D9702C}.AppStore|Any CPU.ActiveCfg = Release|Any CPU
		{33285B8A-9976-408D-A9C3-671CD3D9702C}.AppStore|Any CPU.Build.0 = Release|Any CPU
		{33285B8A-9976-408D-A9C3-671CD3D9702C}.AppStore|iPhone.ActiveCfg = Release|Any CPU
		{33285B8A-9976-408D-A9C3-671CD3D9702C}.AppStore|iPhone.Build.0 = Release|Any CPU
		{33285B8A-9976-408D-A9C3-671CD3D9702C}.AppStore|iPhoneSimulator.ActiveCfg = Release|Any CPU
		{33285B8A-9976-408D-A9C3-671CD3D9702C}.AppStore|iPhoneSimulator.Build.0 = Release|Any CPU
		{33285B8A-9976-408D-A9C3-671CD3D9702C}.AppStore|Mixed Platforms.ActiveCfg = Release|Any CPU
		{33285B8A-9976-408D-A9C3-671CD3D9702C}.AppStore|Mixed Platforms.Build.0 = Release|Any CPU
		{33285B8A-9976-408D-A9C3-671CD3D9702C}.AppStore|Win32.ActiveCfg = Release|Any CPU
		{33285B8A-9976-408D-A9C3-671CD3D9702C}.AppStore|Win32.Build.0 = Release|Any CPU
		{33285B8A-9976-408D-A9C3-671CD3D9702C}.AppStore|x64.ActiveCfg = Debug|Any CPU
		{33285B8A-9976-408D-A9C3-671CD3D9702C}.AppStore|x64.Build.0 = Debug|Any CPU
		{33285B8A-9976-408D-A9C3-671CD3D9702C}.Debug|Any CPU.ActiveCfg = Debug|Any CPU
		{33285B8A-9976-408D-A9C3-671CD3D9702C}.Debug|Any CPU.Build.0 = Debug|Any CPU
		{33285B8A-9976-408D-A9C3-671CD3D9702C}.Debug|iPhone.ActiveCfg = Debug|Any CPU
		{33285B8A-9976-408D-A9C3-671CD3D9702C}.Debug|iPhone.Build.0 = Debug|Any CPU
		{33285B8A-9976-408D-A9C3-671CD3D9702C}.Debug|iPhoneSimulator.ActiveCfg = Debug|Any CPU
		{33285B8A-9976-408D-A9C3-671CD3D9702C}.Debug|iPhoneSimulator.Build.0 = Debug|Any CPU
		{33285B8A-9976-408D-A9C3-671CD3D9702C}.Debug|Mixed Platforms.ActiveCfg = Debug|Any CPU
		{33285B8A-9976-408D-A9C3-671CD3D9702C}.Debug|Mixed Platforms.Build.0 = Debug|Any CPU
		{33285B8A-9976-408D-A9C3-671CD3D9702C}.Debug|Win32.ActiveCfg = Debug|Any CPU
		{33285B8A-9976-408D-A9C3-671CD3D9702C}.Debug|x64.ActiveCfg = Debug|Any CPU
		{33285B8A-9976-408D-A9C3-671CD3D9702C}.Debug|x64.Build.0 = Debug|Any CPU
		{33285B8A-9976-408D-A9C3-671CD3D9702C}.Release|Any CPU.ActiveCfg = Release|Any CPU
		{33285B8A-9976-408D-A9C3-671CD3D9702C}.Release|Any CPU.Build.0 = Release|Any CPU
		{33285B8A-9976-408D-A9C3-671CD3D9702C}.Release|iPhone.ActiveCfg = Release|Any CPU
		{33285B8A-9976-408D-A9C3-671CD3D9702C}.Release|iPhone.Build.0 = Release|Any CPU
		{33285B8A-9976-408D-A9C3-671CD3D9702C}.Release|iPhoneSimulator.ActiveCfg = Release|Any CPU
		{33285B8A-9976-408D-A9C3-671CD3D9702C}.Release|iPhoneSimulator.Build.0 = Release|Any CPU
		{33285B8A-9976-408D-A9C3-671CD3D9702C}.Release|Mixed Platforms.ActiveCfg = Release|Any CPU
		{33285B8A-9976-408D-A9C3-671CD3D9702C}.Release|Mixed Platforms.Build.0 = Release|Any CPU
		{33285B8A-9976-408D-A9C3-671CD3D9702C}.Release|Win32.ActiveCfg = Release|Any CPU
		{33285B8A-9976-408D-A9C3-671CD3D9702C}.Release|x64.ActiveCfg = Release|Any CPU
		{33285B8A-9976-408D-A9C3-671CD3D9702C}.Release|x64.Build.0 = Release|Any CPU
		{C219A8E5-3A59-4E6F-9E16-D921ABC9659C}.Ad-Hoc|Any CPU.ActiveCfg = Release|Any CPU
		{C219A8E5-3A59-4E6F-9E16-D921ABC9659C}.Ad-Hoc|Any CPU.Build.0 = Release|Any CPU
		{C219A8E5-3A59-4E6F-9E16-D921ABC9659C}.Ad-Hoc|iPhone.ActiveCfg = Release|Any CPU
		{C219A8E5-3A59-4E6F-9E16-D921ABC9659C}.Ad-Hoc|iPhone.Build.0 = Release|Any CPU
		{C219A8E5-3A59-4E6F-9E16-D921ABC9659C}.Ad-Hoc|iPhoneSimulator.ActiveCfg = Release|Any CPU
		{C219A8E5-3A59-4E6F-9E16-D921ABC9659C}.Ad-Hoc|iPhoneSimulator.Build.0 = Release|Any CPU
		{C219A8E5-3A59-4E6F-9E16-D921ABC9659C}.Ad-Hoc|Mixed Platforms.ActiveCfg = Release|Any CPU
		{C219A8E5-3A59-4E6F-9E16-D921ABC9659C}.Ad-Hoc|Mixed Platforms.Build.0 = Release|Any CPU
		{C219A8E5-3A59-4E6F-9E16-D921ABC9659C}.Ad-Hoc|Win32.ActiveCfg = Release|Any CPU
		{C219A8E5-3A59-4E6F-9E16-D921ABC9659C}.Ad-Hoc|Win32.Build.0 = Release|Any CPU
		{C219A8E5-3A59-4E6F-9E16-D921ABC9659C}.Ad-Hoc|x64.ActiveCfg = Debug|Any CPU
		{C219A8E5-3A59-4E6F-9E16-D921ABC9659C}.Ad-Hoc|x64.Build.0 = Debug|Any CPU
		{C219A8E5-3A59-4E6F-9E16-D921ABC9659C}.AppStore|Any CPU.ActiveCfg = Release|Any CPU
		{C219A8E5-3A59-4E6F-9E16-D921ABC9659C}.AppStore|Any CPU.Build.0 = Release|Any CPU
		{C219A8E5-3A59-4E6F-9E16-D921ABC9659C}.AppStore|iPhone.ActiveCfg = Release|Any CPU
		{C219A8E5-3A59-4E6F-9E16-D921ABC9659C}.AppStore|iPhone.Build.0 = Release|Any CPU
		{C219A8E5-3A59-4E6F-9E16-D921ABC9659C}.AppStore|iPhoneSimulator.ActiveCfg = Release|Any CPU
		{C219A8E5-3A59-4E6F-9E16-D921ABC9659C}.AppStore|iPhoneSimulator.Build.0 = Release|Any CPU
		{C219A8E5-3A59-4E6F-9E16-D921ABC9659C}.AppStore|Mixed Platforms.ActiveCfg = Release|Any CPU
		{C219A8E5-3A59-4E6F-9E16-D921ABC9659C}.AppStore|Mixed Platforms.Build.0 = Release|Any CPU
		{C219A8E5-3A59-4E6F-9E16-D921ABC9659C}.AppStore|Win32.ActiveCfg = Release|Any CPU
		{C219A8E5-3A59-4E6F-9E16-D921ABC9659C}.AppStore|Win32.Build.0 = Release|Any CPU
		{C219A8E5-3A59-4E6F-9E16-D921ABC9659C}.AppStore|x64.ActiveCfg = Debug|Any CPU
		{C219A8E5-3A59-4E6F-9E16-D921ABC9659C}.AppStore|x64.Build.0 = Debug|Any CPU
		{C219A8E5-3A59-4E6F-9E16-D921ABC9659C}.Debug|Any CPU.ActiveCfg = Debug|Any CPU
		{C219A8E5-3A59-4E6F-9E16-D921ABC9659C}.Debug|Any CPU.Build.0 = Debug|Any CPU
		{C219A8E5-3A59-4E6F-9E16-D921ABC9659C}.Debug|iPhone.ActiveCfg = Debug|Any CPU
		{C219A8E5-3A59-4E6F-9E16-D921ABC9659C}.Debug|iPhone.Build.0 = Debug|Any CPU
		{C219A8E5-3A59-4E6F-9E16-D921ABC9659C}.Debug|iPhoneSimulator.ActiveCfg = Debug|Any CPU
		{C219A8E5-3A59-4E6F-9E16-D921ABC9659C}.Debug|iPhoneSimulator.Build.0 = Debug|Any CPU
		{C219A8E5-3A59-4E6F-9E16-D921ABC9659C}.Debug|Mixed Platforms.ActiveCfg = Debug|Any CPU
		{C219A8E5-3A59-4E6F-9E16-D921ABC9659C}.Debug|Mixed Platforms.Build.0 = Debug|Any CPU
		{C219A8E5-3A59-4E6F-9E16-D921ABC9659C}.Debug|Win32.ActiveCfg = Debug|Any CPU
		{C219A8E5-3A59-4E6F-9E16-D921ABC9659C}.Debug|x64.ActiveCfg = Debug|Any CPU
		{C219A8E5-3A59-4E6F-9E16-D921ABC9659C}.Debug|x64.Build.0 = Debug|Any CPU
		{C219A8E5-3A59-4E6F-9E16-D921ABC9659C}.Release|Any CPU.ActiveCfg = Release|Any CPU
		{C219A8E5-3A59-4E6F-9E16-D921ABC9659C}.Release|Any CPU.Build.0 = Release|Any CPU
		{C219A8E5-3A59-4E6F-9E16-D921ABC9659C}.Release|iPhone.ActiveCfg = Release|Any CPU
		{C219A8E5-3A59-4E6F-9E16-D921ABC9659C}.Release|iPhone.Build.0 = Release|Any CPU
		{C219A8E5-3A59-4E6F-9E16-D921ABC9659C}.Release|iPhoneSimulator.ActiveCfg = Release|Any CPU
		{C219A8E5-3A59-4E6F-9E16-D921ABC9659C}.Release|iPhoneSimulator.Build.0 = Release|Any CPU
		{C219A8E5-3A59-4E6F-9E16-D921ABC9659C}.Release|Mixed Platforms.ActiveCfg = Release|Any CPU
		{C219A8E5-3A59-4E6F-9E16-D921ABC9659C}.Release|Mixed Platforms.Build.0 = Release|Any CPU
		{C219A8E5-3A59-4E6F-9E16-D921ABC9659C}.Release|Win32.ActiveCfg = Release|Any CPU
		{C219A8E5-3A59-4E6F-9E16-D921ABC9659C}.Release|x64.ActiveCfg = Release|Any CPU
		{C219A8E5-3A59-4E6F-9E16-D921ABC9659C}.Release|x64.Build.0 = Release|Any CPU
		{2AC3445C-8C25-4D28-A432-837C95C8386A}.Ad-Hoc|Any CPU.ActiveCfg = Release|Win32
		{2AC3445C-8C25-4D28-A432-837C95C8386A}.Ad-Hoc|Any CPU.Build.0 = Release|Win32
		{2AC3445C-8C25-4D28-A432-837C95C8386A}.Ad-Hoc|iPhone.ActiveCfg = Release|Win32
		{2AC3445C-8C25-4D28-A432-837C95C8386A}.Ad-Hoc|iPhone.Build.0 = Release|Win32
		{2AC3445C-8C25-4D28-A432-837C95C8386A}.Ad-Hoc|iPhoneSimulator.ActiveCfg = Release|Win32
		{2AC3445C-8C25-4D28-A432-837C95C8386A}.Ad-Hoc|iPhoneSimulator.Build.0 = Release|Win32
		{2AC3445C-8C25-4D28-A432-837C95C8386A}.Ad-Hoc|Mixed Platforms.ActiveCfg = Release|Win32
		{2AC3445C-8C25-4D28-A432-837C95C8386A}.Ad-Hoc|Mixed Platforms.Build.0 = Release|Win32
		{2AC3445C-8C25-4D28-A432-837C95C8386A}.Ad-Hoc|Win32.ActiveCfg = Release|Win32
		{2AC3445C-8C25-4D28-A432-837C95C8386A}.Ad-Hoc|Win32.Build.0 = Release|Win32
		{2AC3445C-8C25-4D28-A432-837C95C8386A}.Ad-Hoc|x64.ActiveCfg = Debug|Win32
		{2AC3445C-8C25-4D28-A432-837C95C8386A}.Ad-Hoc|x64.Build.0 = Debug|Win32
		{2AC3445C-8C25-4D28-A432-837C95C8386A}.AppStore|Any CPU.ActiveCfg = Release|Win32
		{2AC3445C-8C25-4D28-A432-837C95C8386A}.AppStore|Any CPU.Build.0 = Release|Win32
		{2AC3445C-8C25-4D28-A432-837C95C8386A}.AppStore|iPhone.ActiveCfg = Release|Win32
		{2AC3445C-8C25-4D28-A432-837C95C8386A}.AppStore|iPhone.Build.0 = Release|Win32
		{2AC3445C-8C25-4D28-A432-837C95C8386A}.AppStore|iPhoneSimulator.ActiveCfg = Release|Win32
		{2AC3445C-8C25-4D28-A432-837C95C8386A}.AppStore|iPhoneSimulator.Build.0 = Release|Win32
		{2AC3445C-8C25-4D28-A432-837C95C8386A}.AppStore|Mixed Platforms.ActiveCfg = Release|Win32
		{2AC3445C-8C25-4D28-A432-837C95C8386A}.AppStore|Mixed Platforms.Build.0 = Release|Win32
		{2AC3445C-8C25-4D28-A432-837C95C8386A}.AppStore|Win32.ActiveCfg = Release|Win32
		{2AC3445C-8C25-4D28-A432-837C95C8386A}.AppStore|Win32.Build.0 = Release|Win32
		{2AC3445C-8C25-4D28-A432-837C95C8386A}.AppStore|x64.ActiveCfg = Debug|Win32
		{2AC3445C-8C25-4D28-A432-837C95C8386A}.AppStore|x64.Build.0 = Debug|Win32
		{2AC3445C-8C25-4D28-A432-837C95C8386A}.Debug|Any CPU.ActiveCfg = Debug|Win32
		{2AC3445C-8C25-4D28-A432-837C95C8386A}.Debug|iPhone.ActiveCfg = Debug|Win32
		{2AC3445C-8C25-4D28-A432-837C95C8386A}.Debug|iPhoneSimulator.ActiveCfg = Debug|Win32
		{2AC3445C-8C25-4D28-A432-837C95C8386A}.Debug|Mixed Platforms.ActiveCfg = Debug|Win32
		{2AC3445C-8C25-4D28-A432-837C95C8386A}.Debug|Mixed Platforms.Build.0 = Debug|Win32
		{2AC3445C-8C25-4D28-A432-837C95C8386A}.Debug|Win32.ActiveCfg = Debug|Win32
		{2AC3445C-8C25-4D28-A432-837C95C8386A}.Debug|Win32.Build.0 = Debug|Win32
		{2AC3445C-8C25-4D28-A432-837C95C8386A}.Debug|x64.ActiveCfg = Debug|Win32
		{2AC3445C-8C25-4D28-A432-837C95C8386A}.Release|Any CPU.ActiveCfg = Release|Win32
		{2AC3445C-8C25-4D28-A432-837C95C8386A}.Release|iPhone.ActiveCfg = Release|Win32
		{2AC3445C-8C25-4D28-A432-837C95C8386A}.Release|iPhoneSimulator.ActiveCfg = Release|Win32
		{2AC3445C-8C25-4D28-A432-837C95C8386A}.Release|Mixed Platforms.ActiveCfg = Release|Win32
		{2AC3445C-8C25-4D28-A432-837C95C8386A}.Release|Mixed Platforms.Build.0 = Release|Win32
		{2AC3445C-8C25-4D28-A432-837C95C8386A}.Release|Win32.ActiveCfg = Release|Win32
		{2AC3445C-8C25-4D28-A432-837C95C8386A}.Release|Win32.Build.0 = Release|Win32
		{2AC3445C-8C25-4D28-A432-837C95C8386A}.Release|x64.ActiveCfg = Release|Win32
		{C5F80730-F44F-4478-BDAE-6634EFC2CA88}.Ad-Hoc|Any CPU.ActiveCfg = Release|Win32
		{C5F80730-F44F-4478-BDAE-6634EFC2CA88}.Ad-Hoc|Any CPU.Build.0 = Release|Win32
		{C5F80730-F44F-4478-BDAE-6634EFC2CA88}.Ad-Hoc|iPhone.ActiveCfg = Release|Win32
		{C5F80730-F44F-4478-BDAE-6634EFC2CA88}.Ad-Hoc|iPhone.Build.0 = Release|Win32
		{C5F80730-F44F-4478-BDAE-6634EFC2CA88}.Ad-Hoc|iPhoneSimulator.ActiveCfg = Release|Win32
		{C5F80730-F44F-4478-BDAE-6634EFC2CA88}.Ad-Hoc|iPhoneSimulator.Build.0 = Release|Win32
		{C5F80730-F44F-4478-BDAE-6634EFC2CA88}.Ad-Hoc|Mixed Platforms.ActiveCfg = Release|Win32
		{C5F80730-F44F-4478-BDAE-6634EFC2CA88}.Ad-Hoc|Mixed Platforms.Build.0 = Release|Win32
		{C5F80730-F44F-4478-BDAE-6634EFC2CA88}.Ad-Hoc|Win32.ActiveCfg = Release|Win32
		{C5F80730-F44F-4478-BDAE-6634EFC2CA88}.Ad-Hoc|Win32.Build.0 = Release|Win32
		{C5F80730-F44F-4478-BDAE-6634EFC2CA88}.Ad-Hoc|x64.ActiveCfg = Release|Win32
		{C5F80730-F44F-4478-BDAE-6634EFC2CA88}.Ad-Hoc|x64.Build.0 = Release|Win32
		{C5F80730-F44F-4478-BDAE-6634EFC2CA88}.AppStore|Any CPU.ActiveCfg = Release|Win32
		{C5F80730-F44F-4478-BDAE-6634EFC2CA88}.AppStore|Any CPU.Build.0 = Release|Win32
		{C5F80730-F44F-4478-BDAE-6634EFC2CA88}.AppStore|iPhone.ActiveCfg = Release|Win32
		{C5F80730-F44F-4478-BDAE-6634EFC2CA88}.AppStore|iPhone.Build.0 = Release|Win32
		{C5F80730-F44F-4478-BDAE-6634EFC2CA88}.AppStore|iPhoneSimulator.ActiveCfg = Release|Win32
		{C5F80730-F44F-4478-BDAE-6634EFC2CA88}.AppStore|iPhoneSimulator.Build.0 = Release|Win32
		{C5F80730-F44F-4478-BDAE-6634EFC2CA88}.AppStore|Mixed Platforms.ActiveCfg = Release|Win32
		{C5F80730-F44F-4478-BDAE-6634EFC2CA88}.AppStore|Mixed Platforms.Build.0 = Release|Win32
		{C5F80730-F44F-4478-BDAE-6634EFC2CA88}.AppStore|Win32.ActiveCfg = Release|Win32
		{C5F80730-F44F-4478-BDAE-6634EFC2CA88}.AppStore|Win32.Build.0 = Release|Win32
		{C5F80730-F44F-4478-BDAE-6634EFC2CA88}.AppStore|x64.ActiveCfg = Release|Win32
		{C5F80730-F44F-4478-BDAE-6634EFC2CA88}.AppStore|x64.Build.0 = Release|Win32
		{C5F80730-F44F-4478-BDAE-6634EFC2CA88}.Debug|Any CPU.ActiveCfg = Debug|Win32
		{C5F80730-F44F-4478-BDAE-6634EFC2CA88}.Debug|iPhone.ActiveCfg = Debug|Win32
		{C5F80730-F44F-4478-BDAE-6634EFC2CA88}.Debug|iPhoneSimulator.ActiveCfg = Debug|Win32
		{C5F80730-F44F-4478-BDAE-6634EFC2CA88}.Debug|Mixed Platforms.ActiveCfg = Debug|Win32
		{C5F80730-F44F-4478-BDAE-6634EFC2CA88}.Debug|Mixed Platforms.Build.0 = Debug|Win32
		{C5F80730-F44F-4478-BDAE-6634EFC2CA88}.Debug|Win32.ActiveCfg = Debug|Win32
		{C5F80730-F44F-4478-BDAE-6634EFC2CA88}.Debug|Win32.Build.0 = Debug|Win32
		{C5F80730-F44F-4478-BDAE-6634EFC2CA88}.Debug|x64.ActiveCfg = Debug|Win32
		{C5F80730-F44F-4478-BDAE-6634EFC2CA88}.Release|Any CPU.ActiveCfg = Release|Win32
		{C5F80730-F44F-4478-BDAE-6634EFC2CA88}.Release|iPhone.ActiveCfg = Release|Win32
		{C5F80730-F44F-4478-BDAE-6634EFC2CA88}.Release|iPhoneSimulator.ActiveCfg = Release|Win32
		{C5F80730-F44F-4478-BDAE-6634EFC2CA88}.Release|Mixed Platforms.ActiveCfg = Release|Win32
		{C5F80730-F44F-4478-BDAE-6634EFC2CA88}.Release|Mixed Platforms.Build.0 = Release|Win32
		{C5F80730-F44F-4478-BDAE-6634EFC2CA88}.Release|Win32.ActiveCfg = Release|Win32
		{C5F80730-F44F-4478-BDAE-6634EFC2CA88}.Release|Win32.Build.0 = Release|Win32
		{C5F80730-F44F-4478-BDAE-6634EFC2CA88}.Release|x64.ActiveCfg = Release|Win32
	EndGlobalSection
	GlobalSection(SolutionProperties) = preSolution
		HideSolutionNode = FALSE
	EndGlobalSection
EndGlobal
