<?xml version="1.0" encoding="utf-8"?>
<Project ToolsVersion="4.0" xmlns="http://schemas.microsoft.com/developer/msbuild/2003">
  <ItemGroup>
    <Filter Include="Source Files">
      <UniqueIdentifier>{4FC737F1-C7A5-4376-A066-2A32D752A2FF}</UniqueIdentifier>
      <Extensions>cpp;c;cc;cxx;def;odl;idl;hpj;bat;asm;asmx</Extensions>
    </Filter>
    <Filter Include="Header Files">
      <UniqueIdentifier>{93995380-89BD-4b04-88EB-625FBE52EBFB}</UniqueIdentifier>
      <Extensions>h;hh;hpp;hxx;hm;inl;inc;xsd</Extensions>
    </Filter>
    <Filter Include="Resource Files">
      <UniqueIdentifier>{67DA6AB6-F800-4c08-8B7A-83BB121AAD01}</UniqueIdentifier>
      <Extensions>rc;ico;cur;bmp;dlg;rc2;rct;bin;rgs;gif;jpg;jpeg;jpe;resx;tiff;tif;png;wav;mfcribbon-ms</Extensions>
    </Filter>
    <Filter Include="Source Files\net">
      <UniqueIdentifier>{9a788248-e80e-4fdd-bc6a-aeaf76df0a64}</UniqueIdentifier>
    </Filter>
    <Filter Include="Header Files\net">
      <UniqueIdentifier>{6370e8c3-eadb-46d6-8aab-78a3c000c6d9}</UniqueIdentifier>
    </Filter>
    <Filter Include="Source Files\math">
      <UniqueIdentifier>{d7d1cda8-86b0-4334-94c3-2543e0fd3952}</UniqueIdentifier>
    </Filter>
    <Filter Include="Header Files\math">
      <UniqueIdentifier>{54cba317-ddab-4b6f-bdb9-971bcce241a4}</UniqueIdentifier>
    </Filter>
    <Filter Include="Header Files\mpu9150">
      <UniqueIdentifier>{1ede1aa2-b555-4832-a818-f707af262b8a}</UniqueIdentifier>
    </Filter>
  </ItemGroup>
  <ItemGroup>
    <None Include="DroneFirmware.ino" />
  </ItemGroup>
  <ItemGroup>
    <ClInclude Include="__vm\.DroneFirmware.vsarduino.h">
      <Filter>Header Files</Filter>
    </ClInclude>
    <ClInclude Include="Gyro.h">
      <Filter>Header Files</Filter>
    </ClInclude>
    <ClInclude Include="ServoManager.h">
      <Filter>Header Files</Filter>
    </ClInclude>
    <ClInclude Include="MemoryAdapter.h">
      <Filter>Header Files</Filter>
    </ClInclude>
    <ClInclude Include="EEPROM_MemoryAdapter.h">
      <Filter>Header Files</Filter>
    </ClInclude>
    <ClInclude Include="ConfigManager.h">
      <Filter>Header Files</Filter>
    </ClInclude>
    <ClInclude Include="Config.h">
      <Filter>Header Files</Filter>
    </ClInclude>
    <ClInclude Include="NetworkManager.h">
      <Filter>Header Files\net</Filter>
    </ClInclude>
    <ClInclude Include="PacketBuffer.h">
      <Filter>Header Files\net</Filter>
    </ClInclude>
    <ClInclude Include="PacketType.h">
      <Filter>Header Files\net</Filter>
    </ClInclude>
    <ClInclude Include="Log.h">
      <Filter>Header Files</Filter>
    </ClInclude>
    <ClInclude Include="Build.h">
      <Filter>Header Files</Filter>
    </ClInclude>
    <ClInclude Include="MathHelper.h">
      <Filter>Header Files\math</Filter>
    </ClInclude>
    <ClInclude Include="BinaryHelper.h">
      <Filter>Header Files\math</Filter>
    </ClInclude>
    <ClInclude Include="DroneEngine.h">
      <Filter>Header Files\math</Filter>
    </ClInclude>
    <ClInclude Include="VoltageInputReader.h">
      <Filter>Header Files</Filter>
    </ClInclude>
    <ClInclude Include="LED.h">
      <Filter>Header Files</Filter>
    </ClInclude>
    <ClInclude Include="StopReason.h">
      <Filter>Header Files</Filter>
    </ClInclude>
    <ClInclude Include="Profiler.h">
      <Filter>Header Files</Filter>
    </ClInclude>
    <ClInclude Include="Gyro6050.h">
      <Filter>Header Files</Filter>
    </ClInclude>
    <ClInclude Include="Gyro9150.h">
      <Filter>Header Files</Filter>
    </ClInclude>
    <ClInclude Include="mpu9150.h">
      <Filter>Header Files\mpu9150</Filter>
    </ClInclude>
    <ClInclude Include="PID.h">
      <Filter>Header Files\math</Filter>
    </ClInclude>
  </ItemGroup>
  <ItemGroup>
    <ClCompile Include="Gyro.cpp">
      <Filter>Source Files</Filter>
    </ClCompile>
    <ClCompile Include="ConfigManager.cpp">
      <Filter>Source Files</Filter>
    </ClCompile>
    <ClCompile Include="PacketBuffer.cpp">
      <Filter>Source Files\net</Filter>
    </ClCompile>
    <ClCompile Include="NetworkManager.cpp">
      <Filter>Source Files\net</Filter>
    </ClCompile>
    <ClCompile Include="Log.cpp">
      <Filter>Source Files</Filter>
    </ClCompile>
    <ClCompile Include="ServoManager.cpp">
      <Filter>Source Files</Filter>
    </ClCompile>
    <ClCompile Include="MathHelper.cpp">
      <Filter>Source Files\math</Filter>
    </ClCompile>
    <ClCompile Include="DroneEngine.cpp">
      <Filter>Source Files\math</Filter>
    </ClCompile>
    <ClCompile Include="BinaryHelper.cpp">
      <Filter>Source Files\math</Filter>
    </ClCompile>
    <ClCompile Include="VoltageInputReader.cpp">
      <Filter>Source Files</Filter>
    </ClCompile>
    <ClCompile Include="LED.cpp">
      <Filter>Source Files</Filter>
    </ClCompile>
    <ClCompile Include="PacketType.cpp">
      <Filter>Source Files\net</Filter>
    </ClCompile>
    <ClCompile Include="EEPROM_MemoryAdapter.cpp">
      <Filter>Source Files</Filter>
    </ClCompile>
    <ClCompile Include="Profiler.cpp">
      <Filter>Source Files</Filter>
    </ClCompile>
    <ClCompile Include="Gyro6050.cpp">
      <Filter>Source Files</Filter>
    </ClCompile>
    <ClCompile Include="Gyro9150.cpp">
      <Filter>Source Files</Filter>
    </ClCompile>
    <ClCompile Include="PID.cpp">
      <Filter>Source Files\math</Filter>
    </ClCompile>
  </ItemGroup>
  <ItemGroup>
    <Text Include="README.txt" />
  </ItemGroup>
</Project>